# This file is automatically @generated by Cargo.
# It is not intended for manual editing.
version = 4

[[package]]
name = "sabirender-content"
version = "0.0.1"
dependencies = [
 "sabirender-display",
]

[[package]]
name = "sabirender-display"
version = "0.0.1"

[[package]]
name = "sabirender-raster"
version = "0.0.1"
dependencies = [
 "sabirender-display",
]

[[package]]
name = "sabirender-svg"
version = "0.0.1"
dependencies = [
 "sabirender-display",
]
